
Microsoft Visual Studio Solution File, Format Version 12.00
# Visual Studio 14
VisualStudioVersion = 14.0.23107.0
MinimumVisualStudioVersion = 10.0.40219.1
Project("{FAE04EC0-301F-11D3-BF4B-00C04F79EFBC}") = "Cyberiada3D", "Cyberiada3D\Cyberiada3D.csproj", "{0B699035-10B8-4E58-84A9-5DD08DE4E5F2}"
EndProject
Project("{FAE04EC0-301F-11D3-BF4B-00C04F79EFBC}") = "TGL", "ClassLibrary1\TGL.csproj", "{E45E56C3-A909-489B-99F3-EC3DF93FA997}"
EndProject
Global
	GlobalSection(SolutionConfigurationPlatforms) = preSolution
		Debug|Any CPU = Debug|Any CPU
		Release|Any CPU = Release|Any CPU
	EndGlobalSection
	GlobalSection(ProjectConfigurationPlatforms) = postSolution
		{0B699035-10B8-4E58-84A9-5DD08DE4E5F2}.Debug|Any CPU.ActiveCfg = Debug|Any CPU
		{0B699035-10B8-4E58-84A9-5DD08DE4E5F2}.Debug|Any CPU.Build.0 = Debug|Any CPU
		{0B699035-10B8-4E58-84A9-5DD08DE4E5F2}.Release|Any CPU.ActiveCfg = Release|Any CPU
		{0B699035-10B8-4E58-84A9-5DD08DE4E5F2}.Release|Any CPU.Build.0 = Release|Any CPU
		{E45E56C3-A909-489B-99F3-EC3DF93FA997}.Debug|Any CPU.ActiveCfg = Debug|Any CPU
		{E45E56C3-A909-489B-99F3-EC3DF93FA997}.Debug|Any CPU.Build.0 = Debug|Any CPU
		{E45E56C3-A909-489B-99F3-EC3DF93FA997}.Release|Any CPU.ActiveCfg = Release|Any CPU
		{E45E56C3-A909-489B-99F3-EC3DF93FA997}.Release|Any CPU.Build.0 = Release|Any CPU
	EndGlobalSection
	GlobalSection(SolutionProperties) = preSolution
		HideSolutionNode = FALSE
	EndGlobalSection
EndGlobal
